
Microsoft Visual Studio Solution File, Format Version 12.00
# Visual Studio Version 17
VisualStudioVersion = 17.7.34221.43
MinimumVisualStudioVersion = 10.0.40219.1
Project("{9A19103F-16F7-4668-BE54-9A1E7A4F7556}") = "vnavmesh", "vnavmesh\vnavmesh.csproj", "{A15D7C63-D8B7-4433-9F05-4832BB2F29C0}"
EndProject
Project("{9A19103F-16F7-4668-BE54-9A1E7A4F7556}") = "FFXIVClientStructs", "FFXIVClientStructs\FFXIVClientStructs\FFXIVClientStructs.csproj", "{DF5A2C89-611A-4617-9E60-D0DF76020E3D}"
EndProject
Project("{9A19103F-16F7-4668-BE54-9A1E7A4F7556}") = "DotRecast.Core", "DotRecast\src\DotRecast.Core\DotRecast.Core.csproj", "{34BBFC6C-C3AC-4848-98C9-E6DEEF2BC26A}"
EndProject
Project("{9A19103F-16F7-4668-BE54-9A1E7A4F7556}") = "DotRecast.Recast", "DotRecast\src\DotRecast.Recast\DotRecast.Recast.csproj", "{2FFA240D-4F85-467D-BA78-3A98204D3AF9}"
EndProject
Project("{9A19103F-16F7-4668-BE54-9A1E7A4F7556}") = "DotRecast.Detour", "DotRecast\src\DotRecast.Detour\DotRecast.Detour.csproj", "{99DB06BA-F9E0-4544-A285-649DD3CC66B0}"
EndProject
Project("{9A19103F-16F7-4668-BE54-9A1E7A4F7556}") = "InteropGenerator", "FFXIVClientStructs\InteropGenerator\InteropGenerator.csproj", "{C2D564D6-7026-41A4-95A5-E66A67DD6690}"
EndProject
Project("{9A19103F-16F7-4668-BE54-9A1E7A4F7556}") = "InteropGenerator.Runtime", "FFXIVClientStructs\InteropGenerator.Runtime\InteropGenerator.Runtime.csproj", "{BDA26E8A-F9B8-4A72-8DAE-3050BE5D3AFA}"
EndProject
Project("{9A19103F-16F7-4668-BE54-9A1E7A4F7556}") = "FFXIVClientStructs.Generators", "FFXIVClientStructs\FFXIVClientStructs.Generators\FFXIVClientStructs.Generators.csproj", "{7A5349FA-A2CE-40A5-804B-DFA52D13336A}"
EndProject
Global
	GlobalSection(SolutionConfigurationPlatforms) = preSolution
		Debug|Any CPU = Debug|Any CPU
		Debug|x64 = Debug|x64
		Release|Any CPU = Release|Any CPU
		Release|x64 = Release|x64
	EndGlobalSection
	GlobalSection(ProjectConfigurationPlatforms) = postSolution
		{A15D7C63-D8B7-4433-9F05-4832BB2F29C0}.Debug|Any CPU.ActiveCfg = Debug|x64
		{A15D7C63-D8B7-4433-9F05-4832BB2F29C0}.Debug|Any CPU.Build.0 = Debug|x64
		{A15D7C63-D8B7-4433-9F05-4832BB2F29C0}.Debug|x64.ActiveCfg = Debug|x64
		{A15D7C63-D8B7-4433-9F05-4832BB2F29C0}.Debug|x64.Build.0 = Debug|x64
		{A15D7C63-D8B7-4433-9F05-4832BB2F29C0}.Release|Any CPU.ActiveCfg = Release|x64
		{A15D7C63-D8B7-4433-9F05-4832BB2F29C0}.Release|Any CPU.Build.0 = Release|x64
		{A15D7C63-D8B7-4433-9F05-4832BB2F29C0}.Release|x64.ActiveCfg = Release|x64
		{A15D7C63-D8B7-4433-9F05-4832BB2F29C0}.Release|x64.Build.0 = Release|x64
		{DF5A2C89-611A-4617-9E60-D0DF76020E3D}.Debug|Any CPU.ActiveCfg = Debug|Any CPU
		{DF5A2C89-611A-4617-9E60-D0DF76020E3D}.Debug|Any CPU.Build.0 = Debug|Any CPU
		{DF5A2C89-611A-4617-9E60-D0DF76020E3D}.Debug|x64.ActiveCfg = Debug|Any CPU
		{DF5A2C89-611A-4617-9E60-D0DF76020E3D}.Debug|x64.Build.0 = Debug|Any CPU
		{DF5A2C89-611A-4617-9E60-D0DF76020E3D}.Release|Any CPU.ActiveCfg = Release|Any CPU
		{DF5A2C89-611A-4617-9E60-D0DF76020E3D}.Release|Any CPU.Build.0 = Release|Any CPU
		{DF5A2C89-611A-4617-9E60-D0DF76020E3D}.Release|x64.ActiveCfg = Release|Any CPU
		{DF5A2C89-611A-4617-9E60-D0DF76020E3D}.Release|x64.Build.0 = Release|Any CPU
		{34BBFC6C-C3AC-4848-98C9-E6DEEF2BC26A}.Debug|Any CPU.ActiveCfg = Debug|Any CPU
		{34BBFC6C-C3AC-4848-98C9-E6DEEF2BC26A}.Debug|Any CPU.Build.0 = Debug|Any CPU
		{34BBFC6C-C3AC-4848-98C9-E6DEEF2BC26A}.Debug|x64.ActiveCfg = Debug|Any CPU
		{34BBFC6C-C3AC-4848-98C9-E6DEEF2BC26A}.Debug|x64.Build.0 = Debug|Any CPU
		{34BBFC6C-C3AC-4848-98C9-E6DEEF2BC26A}.Release|Any CPU.ActiveCfg = Release|Any CPU
		{34BBFC6C-C3AC-4848-98C9-E6DEEF2BC26A}.Release|Any CPU.Build.0 = Release|Any CPU
		{34BBFC6C-C3AC-4848-98C9-E6DEEF2BC26A}.Release|x64.ActiveCfg = Release|Any CPU
		{34BBFC6C-C3AC-4848-98C9-E6DEEF2BC26A}.Release|x64.Build.0 = Release|Any CPU
		{2FFA240D-4F85-467D-BA78-3A98204D3AF9}.Debug|Any CPU.ActiveCfg = Debug|Any CPU
		{2FFA240D-4F85-467D-BA78-3A98204D3AF9}.Debug|Any CPU.Build.0 = Debug|Any CPU
		{2FFA240D-4F85-467D-BA78-3A98204D3AF9}.Debug|x64.ActiveCfg = Debug|Any CPU
		{2FFA240D-4F85-467D-BA78-3A98204D3AF9}.Debug|x64.Build.0 = Debug|Any CPU
		{2FFA240D-4F85-467D-BA78-3A98204D3AF9}.Release|Any CPU.ActiveCfg = Release|Any CPU
		{2FFA240D-4F85-467D-BA78-3A98204D3AF9}.Release|Any CPU.Build.0 = Release|Any CPU
		{2FFA240D-4F85-467D-BA78-3A98204D3AF9}.Release|x64.ActiveCfg = Release|Any CPU
		{2FFA240D-4F85-467D-BA78-3A98204D3AF9}.Release|x64.Build.0 = Release|Any CPU
		{99DB06BA-F9E0-4544-A285-649DD3CC66B0}.Debug|Any CPU.ActiveCfg = Debug|Any CPU
		{99DB06BA-F9E0-4544-A285-649DD3CC66B0}.Debug|Any CPU.Build.0 = Debug|Any CPU
		{99DB06BA-F9E0-4544-A285-649DD3CC66B0}.Debug|x64.ActiveCfg = Debug|Any CPU
		{99DB06BA-F9E0-4544-A285-649DD3CC66B0}.Debug|x64.Build.0 = Debug|Any CPU
		{99DB06BA-F9E0-4544-A285-649DD3CC66B0}.Release|Any CPU.ActiveCfg = Release|Any CPU
		{99DB06BA-F9E0-4544-A285-649DD3CC66B0}.Release|Any CPU.Build.0 = Release|Any CPU
		{99DB06BA-F9E0-4544-A285-649DD3CC66B0}.Release|x64.ActiveCfg = Release|Any CPU
		{99DB06BA-F9E0-4544-A285-649DD3CC66B0}.Release|x64.Build.0 = Release|Any CPU
		{C2D564D6-7026-41A4-95A5-E66A67DD6690}.Debug|Any CPU.ActiveCfg = Debug|Any CPU
		{C2D564D6-7026-41A4-95A5-E66A67DD6690}.Debug|Any CPU.Build.0 = Debug|Any CPU
		{C2D564D6-7026-41A4-95A5-E66A67DD6690}.Debug|x64.ActiveCfg = Debug|Any CPU
		{C2D564D6-7026-41A4-95A5-E66A67DD6690}.Debug|x64.Build.0 = Debug|Any CPU
		{C2D564D6-7026-41A4-95A5-E66A67DD6690}.Release|Any CPU.ActiveCfg = Release|Any CPU
		{C2D564D6-7026-41A4-95A5-E66A67DD6690}.Release|Any CPU.Build.0 = Release|Any CPU
		{C2D564D6-7026-41A4-95A5-E66A67DD6690}.Release|x64.ActiveCfg = Release|Any CPU
		{C2D564D6-7026-41A4-95A5-E66A67DD6690}.Release|x64.Build.0 = Release|Any CPU
		{BDA26E8A-F9B8-4A72-8DAE-3050BE5D3AFA}.Debug|Any CPU.ActiveCfg = Debug|Any CPU
		{BDA26E8A-F9B8-4A72-8DAE-3050BE5D3AFA}.Debug|Any CPU.Build.0 = Debug|Any CPU
		{BDA26E8A-F9B8-4A72-8DAE-3050BE5D3AFA}.Debug|x64.ActiveCfg = Debug|Any CPU
		{BDA26E8A-F9B8-4A72-8DAE-3050BE5D3AFA}.Debug|x64.Build.0 = Debug|Any CPU
		{BDA26E8A-F9B8-4A72-8DAE-3050BE5D3AFA}.Release|Any CPU.ActiveCfg = Release|Any CPU
		{BDA26E8A-F9B8-4A72-8DAE-3050BE5D3AFA}.Release|Any CPU.Build.0 = Release|Any CPU
		{BDA26E8A-F9B8-4A72-8DAE-3050BE5D3AFA}.Release|x64.ActiveCfg = Release|Any CPU
		{BDA26E8A-F9B8-4A72-8DAE-3050BE5D3AFA}.Release|x64.Build.0 = Release|Any CPU
		{7A5349FA-A2CE-40A5-804B-DFA52D13336A}.Debug|Any CPU.ActiveCfg = Debug|Any CPU
		{7A5349FA-A2CE-40A5-804B-DFA52D13336A}.Debug|Any CPU.Build.0 = Debug|Any CPU
		{7A5349FA-A2CE-40A5-804B-DFA52D13336A}.Debug|x64.ActiveCfg = Debug|Any CPU
		{7A5349FA-A2CE-40A5-804B-DFA52D13336A}.Debug|x64.Build.0 = Debug|Any CPU
		{7A5349FA-A2CE-40A5-804B-DFA52D13336A}.Release|Any CPU.ActiveCfg = Release|Any CPU
		{7A5349FA-A2CE-40A5-804B-DFA52D13336A}.Release|Any CPU.Build.0 = Release|Any CPU
		{7A5349FA-A2CE-40A5-804B-DFA52D13336A}.Release|x64.ActiveCfg = Release|Any CPU
		{7A5349FA-A2CE-40A5-804B-DFA52D13336A}.Release|x64.Build.0 = Release|Any CPU
	EndGlobalSection
	GlobalSection(SolutionProperties) = preSolution
		HideSolutionNode = FALSE
	EndGlobalSection
	GlobalSection(ExtensibilityGlobals) = postSolution
		SolutionGuid = {D2E47AF8-CEDD-443C-84BD-33FED47A26EB}
	EndGlobalSection
EndGlobal
