{
  "version": 1,
  "dependencies": {
    "net10.0-windows7.0": {
      "DalamudPackager": {
        "type": "Direct",
        "requested": "[14.0.0, )",
        "resolved": "14.0.0",
        "contentHash": "9c1q/eAeAs82mkQWBOaCvbt3GIQxAIadz5b/7pCXDIy9nHPtnRc+tDXEvKR+M36Wvi7n+qBTevRupkLUQp6DFA=="
      },
      "SharpDX.D3DCompiler": {
        "type": "Direct",
        "requested": "[4.2.0, )",
        "resolved": "4.2.0",
        "contentHash": "Rnsd6Ilp127xbXqhTit8WKFQUrXwWxqVGpglyWDNkIBCk0tWXNQEjrJpsl0KAObzyZaa33+EXAikLVt5fnd3GA==",
        "dependencies": {
          "NETStandard.Library": "1.6.1",
          "SharpDX": "4.2.0"
        }
      },
      "SharpDX.Direct3D11": {
        "type": "Direct",
        "requested": "[4.2.0, )",
        "resolved": "4.2.0",
        "contentHash": "oTm/iT5X/IIuJ8kNYP+DTC/MhBhqtRF5dbgPPFgLBdQv0BKzNTzXQQXd7SveBFjQg6hXEAJ2jGCAzNYvGFc9LA==",
        "dependencies": {
          "NETStandard.Library": "1.6.1",
          "SharpDX": "4.2.0",
          "SharpDX.DXGI": "4.2.0"
        }
      },
      "SharpDX.Mathematics": {
        "type": "Direct",
        "requested": "[4.2.0, )",
        "resolved": "4.2.0",
        "contentHash": "R2pcKLgdsP9p5WyTjHmGOZ0ka0zASAZYc6P4L6rSvjYhf6klGYbent7MiVwbkwkt9dD44p5brjy5IwAnVONWGw==",
        "dependencies": {
          "NETStandard.Library": "1.6.1",
          "SharpDX": "4.2.0"
        }
      },
      "Microsoft.NETCore.Platforms": {
        "type": "Transitive",
        "resolved": "1.1.0",
        "contentHash": "kz0PEW2lhqygehI/d6XsPCQzD7ff7gUJaVGPVETX611eadGsA3A877GdSlU0LRVMCTH/+P3o2iDTak+S08V2+A=="
      },
      "NETStandard.Library": {
        "type": "Transitive",
        "resolved": "1.6.1",
        "contentHash": "WcSp3+vP+yHNgS8EV5J7pZ9IRpeDuARBPN28by8zqff1wJQXm26PVU8L3/fYLBJVU7BtDyqNVWq2KlCVvSSR4A==",
        "dependencies": {
          "Microsoft.NETCore.Platforms": "1.1.0"
        }
      },
      "Newtonsoft.Json": {
        "type": "Transitive",
        "resolved": "13.0.3",
        "contentHash": "HrC5BXdl00IP9zeV+0Z848QWPAoCr9P3bDEZguI+gkLcBKAOxix/tLEAAHC+UvDNPv4a2d18lOReHMOagPa+zQ=="
      },
      "SharpDX": {
        "type": "Transitive",
        "resolved": "4.2.0",
        "contentHash": "3pv0LFMvfK/dv1qISJnn8xBeeT6R/FRvr0EV4KI2DGsL84Qlv6P7isWqxGyU0LCwlSVCJN3jgHJ4Bl0KI2PJww==",
        "dependencies": {
          "NETStandard.Library": "1.6.1"
        }
      },
      "SharpDX.DXGI": {
        "type": "Transitive",
        "resolved": "4.2.0",
        "contentHash": "UjKqkgWc8U+SP+j3LBzFP6OB6Ntapjih7Xo+g1rLcsGbIb5KwewBrBChaUu7sil8rWoeVU/k0EJd3SMN4VqNZw==",
        "dependencies": {
          "NETStandard.Library": "1.6.1",
          "SharpDX": "4.2.0"
        }
      },
      "dotrecast.core": {
        "type": "Project"
      },
      "dotrecast.detour": {
        "type": "Project",
        "dependencies": {
          "DotRecast.Core": "[1.0.0, )"
        }
      },
      "dotrecast.detour.extras": {
        "type": "Project",
        "dependencies": {
          "DotRecast.Detour": "[1.0.0, )",
          "DotRecast.Recast": "[1.0.0, )",
          "Newtonsoft.Json": "[13.0.3, )"
        }
      },
      "dotrecast.recast": {
        "type": "Project",
        "dependencies": {
          "DotRecast.Core": "[1.0.0, )"
        }
      }
    }
  }
}