{
  "version": 1,
  "dependencies": {
    "net7.0-windows7.0": {
      "DalamudPackager": {
        "type": "Direct",
        "requested": "[2.1.12, )",
        "resolved": "2.1.12",
        "contentHash": "Sc0PVxvgg4NQjcI8n10/VfUQBAS4O+Fw2pZrAqBdRMbthYGeogzu5+xmIGCGmsEZ/ukMOBuAqiNiB5qA3MRalg=="
      },
      "Serilog": {
        "type": "Transitive",
        "resolved": "2.11.0",
        "contentHash": "ysv+hBzTul6Dp+Hvm10FlhJO3yMQcFKSAleus+LpiIzvNstpeV4Z7gGuIZ1OPNfIMulSHOjmLuGAEDKzpnV8ZQ=="
      },
      "ffxivclientstructs": {
        "type": "Project",
        "dependencies": {
          "Serilog": "[2.11.0, )"
        }
      }
    }
  }
}